
Microsoft Visual Studio Solution File, Format Version 12.00
# Visual Studio Version 17
VisualStudioVersion = 17.4.33403.182
MinimumVisualStudioVersion = 10.0.40219.1
Project("{FAE04EC0-301F-11D3-BF4B-00C04F79EFBC}") = "LayoutApp.Android", "LayoutApp.Android\LayoutApp.Android.csproj", "{48138422-582A-42A2-AF1F-517D4E951BBF}"
EndProject
Project("{FAE04EC0-301F-11D3-BF4B-00C04F79EFBC}") = "LayoutApp.iOS", "LayoutApp.iOS\LayoutApp.iOS.csproj", "{6BF1BD23-E8FC-4D0F-A93D-6A235808A194}"
EndProject
Project("{FAE04EC0-301F-11D3-BF4B-00C04F79EFBC}") = "LayoutApp", "LayoutApp\LayoutApp.csproj", "{84D60041-CE6E-4904-939A-B1DCE10B64D5}"
EndProject
Global
	GlobalSection(SolutionConfigurationPlatforms) = preSolution
		Debug|Any CPU = Debug|Any CPU
		Debug|iPhone = Debug|iPhone
		Debug|iPhoneSimulator = Debug|iPhoneSimulator
		Release|Any CPU = Release|Any CPU
		Release|iPhone = Release|iPhone
		Release|iPhoneSimulator = Release|iPhoneSimulator
	EndGlobalSection
	GlobalSection(ProjectConfigurationPlatforms) = postSolution
		{48138422-582A-42A2-AF1F-517D4E951BBF}.Debug|Any CPU.ActiveCfg = Debug|Any CPU
		{48138422-582A-42A2-AF1F-517D4E951BBF}.Debug|Any CPU.Build.0 = Debug|Any CPU
		{48138422-582A-42A2-AF1F-517D4E951BBF}.Debug|Any CPU.Deploy.0 = Debug|Any CPU
		{48138422-582A-42A2-AF1F-517D4E951BBF}.Debug|iPhone.ActiveCfg = Debug|Any CPU
		{48138422-582A-42A2-AF1F-517D4E951BBF}.Debug|iPhone.Build.0 = Debug|Any CPU
		{48138422-582A-42A2-AF1F-517D4E951BBF}.Debug|iPhone.Deploy.0 = Debug|Any CPU
		{48138422-582A-42A2-AF1F-517D4E951BBF}.Debug|iPhoneSimulator.ActiveCfg = Debug|Any CPU
		{48138422-582A-42A2-AF1F-517D4E951BBF}.Debug|iPhoneSimulator.Build.0 = Debug|Any CPU
		{48138422-582A-42A2-AF1F-517D4E951BBF}.Debug|iPhoneSimulator.Deploy.0 = Debug|Any CPU
		{48138422-582A-42A2-AF1F-517D4E951BBF}.Release|Any CPU.ActiveCfg = Release|Any CPU
		{48138422-582A-42A2-AF1F-517D4E951BBF}.Release|Any CPU.Build.0 = Release|Any CPU
		{48138422-582A-42A2-AF1F-517D4E951BBF}.Release|Any CPU.Deploy.0 = Release|Any CPU
		{48138422-582A-42A2-AF1F-517D4E951BBF}.Release|iPhone.ActiveCfg = Release|Any CPU
		{48138422-582A-42A2-AF1F-517D4E951BBF}.Release|iPhone.Build.0 = Release|Any CPU
		{48138422-582A-42A2-AF1F-517D4E951BBF}.Release|iPhone.Deploy.0 = Release|Any CPU
		{48138422-582A-42A2-AF1F-517D4E951BBF}.Release|iPhoneSimulator.ActiveCfg = Release|Any CPU
		{48138422-582A-42A2-AF1F-517D4E951BBF}.Release|iPhoneSimulator.Build.0 = Release|Any CPU
		{48138422-582A-42A2-AF1F-517D4E951BBF}.Release|iPhoneSimulator.Deploy.0 = Release|Any CPU
		{6BF1BD23-E8FC-4D0F-A93D-6A235808A194}.Debug|Any CPU.ActiveCfg = Debug|iPhone
		{6BF1BD23-E8FC-4D0F-A93D-6A235808A194}.Debug|Any CPU.Build.0 = Debug|iPhone
		{6BF1BD23-E8FC-4D0F-A93D-6A235808A194}.Debug|Any CPU.Deploy.0 = Debug|iPhone
		{6BF1BD23-E8FC-4D0F-A93D-6A235808A194}.Debug|iPhone.ActiveCfg = Debug|iPhone
		{6BF1BD23-E8FC-4D0F-A93D-6A235808A194}.Debug|iPhone.Build.0 = Debug|iPhone
		{6BF1BD23-E8FC-4D0F-A93D-6A235808A194}.Debug|iPhone.Deploy.0 = Debug|iPhone
		{6BF1BD23-E8FC-4D0F-A93D-6A235808A194}.Debug|iPhoneSimulator.ActiveCfg = Debug|iPhoneSimulator
		{6BF1BD23-E8FC-4D0F-A93D-6A235808A194}.Debug|iPhoneSimulator.Build.0 = Debug|iPhoneSimulator
		{6BF1BD23-E8FC-4D0F-A93D-6A235808A194}.Debug|iPhoneSimulator.Deploy.0 = Debug|iPhoneSimulator
		{6BF1BD23-E8FC-4D0F-A93D-6A235808A194}.Release|Any CPU.ActiveCfg = Release|iPhoneSimulator
		{6BF1BD23-E8FC-4D0F-A93D-6A235808A194}.Release|Any CPU.Build.0 = Release|iPhoneSimulator
		{6BF1BD23-E8FC-4D0F-A93D-6A235808A194}.Release|Any CPU.Deploy.0 = Release|iPhoneSimulator
		{6BF1BD23-E8FC-4D0F-A93D-6A235808A194}.Release|iPhone.ActiveCfg = Release|iPhone
		{6BF1BD23-E8FC-4D0F-A93D-6A235808A194}.Release|iPhone.Build.0 = Release|iPhone
		{6BF1BD23-E8FC-4D0F-A93D-6A235808A194}.Release|iPhone.Deploy.0 = Release|iPhone
		{6BF1BD23-E8FC-4D0F-A93D-6A235808A194}.Release|iPhoneSimulator.ActiveCfg = Release|iPhoneSimulator
		{6BF1BD23-E8FC-4D0F-A93D-6A235808A194}.Release|iPhoneSimulator.Build.0 = Release|iPhoneSimulator
		{6BF1BD23-E8FC-4D0F-A93D-6A235808A194}.Release|iPhoneSimulator.Deploy.0 = Release|iPhoneSimulator
		{84D60041-CE6E-4904-939A-B1DCE10B64D5}.Debug|Any CPU.ActiveCfg = Debug|Any CPU
		{84D60041-CE6E-4904-939A-B1DCE10B64D5}.Debug|Any CPU.Build.0 = Debug|Any CPU
		{84D60041-CE6E-4904-939A-B1DCE10B64D5}.Debug|Any CPU.Deploy.0 = Debug|Any CPU
		{84D60041-CE6E-4904-939A-B1DCE10B64D5}.Debug|iPhone.ActiveCfg = Debug|Any CPU
		{84D60041-CE6E-4904-939A-B1DCE10B64D5}.Debug|iPhone.Build.0 = Debug|Any CPU
		{84D60041-CE6E-4904-939A-B1DCE10B64D5}.Debug|iPhone.Deploy.0 = Debug|Any CPU
		{84D60041-CE6E-4904-939A-B1DCE10B64D5}.Debug|iPhoneSimulator.ActiveCfg = Debug|Any CPU
		{84D60041-CE6E-4904-939A-B1DCE10B64D5}.Debug|iPhoneSimulator.Build.0 = Debug|Any CPU
		{84D60041-CE6E-4904-939A-B1DCE10B64D5}.Debug|iPhoneSimulator.Deploy.0 = Debug|Any CPU
		{84D60041-CE6E-4904-939A-B1DCE10B64D5}.Release|Any CPU.ActiveCfg = Release|Any CPU
		{84D60041-CE6E-4904-939A-B1DCE10B64D5}.Release|Any CPU.Build.0 = Release|Any CPU
		{84D60041-CE6E-4904-939A-B1DCE10B64D5}.Release|Any CPU.Deploy.0 = Release|Any CPU
		{84D60041-CE6E-4904-939A-B1DCE10B64D5}.Release|iPhone.ActiveCfg = Release|Any CPU
		{84D60041-CE6E-4904-939A-B1DCE10B64D5}.Release|iPhone.Build.0 = Release|Any CPU
		{84D60041-CE6E-4904-939A-B1DCE10B64D5}.Release|iPhone.Deploy.0 = Release|Any CPU
		{84D60041-CE6E-4904-939A-B1DCE10B64D5}.Release|iPhoneSimulator.ActiveCfg = Release|Any CPU
		{84D60041-CE6E-4904-939A-B1DCE10B64D5}.Release|iPhoneSimulator.Build.0 = Release|Any CPU
		{84D60041-CE6E-4904-939A-B1DCE10B64D5}.Release|iPhoneSimulator.Deploy.0 = Release|Any CPU
	EndGlobalSection
	GlobalSection(SolutionProperties) = preSolution
		HideSolutionNode = FALSE
	EndGlobalSection
	GlobalSection(ExtensibilityGlobals) = postSolution
		SolutionGuid = {5F5112F3-8F86-4BF8-853A-1025DAD69B85}
	EndGlobalSection
EndGlobal
